
Microsoft Visual Studio Solution File, Format Version 12.00
# Visual Studio 2015
Project("{FAE04EC0-301F-11D3-BF4B-00C04F79EFBC}") = "example Unity3D usage.CSharp", "example Unity3D usage.CSharp.csproj", "{4D0A60E2-368E-57DE-7BC8-F9B58EDBDF07}"
EndProject
Global
	GlobalSection(SolutionConfigurationPlatforms) = preSolution
		Debug|Any CPU = Debug|Any CPU
		Release|Any CPU = Release|Any CPU
	EndGlobalSection
	GlobalSection(ProjectConfigurationPlatforms) = postSolution
		{4D0A60E2-368E-57DE-7BC8-F9B58EDBDF07}.Debug|Any CPU.ActiveCfg = Debug|Any CPU
		{4D0A60E2-368E-57DE-7BC8-F9B58EDBDF07}.Debug|Any CPU.Build.0 = Debug|Any CPU
		{4D0A60E2-368E-57DE-7BC8-F9B58EDBDF07}.Release|Any CPU.ActiveCfg = Release|Any CPU
		{4D0A60E2-368E-57DE-7BC8-F9B58EDBDF07}.Release|Any CPU.Build.0 = Release|Any CPU
	EndGlobalSection
	GlobalSection(SolutionProperties) = preSolution
		HideSolutionNode = FALSE
	EndGlobalSection
EndGlobal
